// !$*UTF8*$!
{
	archiveVersion = 1;
	classes = {
	};
	objectVersion = 50;
	objects = {

/* Begin PBXBuildFile section */
		1C3E1AE6240A170300E7862E /* AppDelegate.swift in Sources */ = {isa = PBXBuildFile; fileRef = 1C3E1AE5240A170300E7862E /* AppDelegate.swift */; };
		1C3E1AE8240A170300E7862E /* SceneDelegate.swift in Sources */ = {isa = PBXBuildFile; fileRef = 1C3E1AE7240A170300E7862E /* SceneDelegate.swift */; };
		1C3E1AEA240A170300E7862E /* ContentView.swift in Sources */ = {isa = PBXBuildFile; fileRef = 1C3E1AE9240A170300E7862E /* ContentView.swift */; };
		1C3E1AEC240A170400E7862E /* Assets.xcassets in Resources */ = {isa = PBXBuildFile; fileRef = 1C3E1AEB240A170400E7862E /* Assets.xcassets */; };
		1C3E1AEF240A170400E7862E /* Preview Assets.xcassets in Resources */ = {isa = PBXBuildFile; fileRef = 1C3E1AEE240A170400E7862E /* Preview Assets.xcassets */; };
		1C3E1AF2240A170400E7862E /* LaunchScreen.storyboard in Resources */ = {isa = PBXBuildFile; fileRef = 1C3E1AF0240A170400E7862E /* LaunchScreen.storyboard */; };
		1C3E1AFD240A170400E7862E /* SwiftUIListDemoTests.swift in Sources */ = {isa = PBXBuildFile; fileRef = 1C3E1AFC240A170400E7862E /* SwiftUIListDemoTests.swift */; };
		1C3E1B08240A170400E7862E /* SwiftUIListDemoUITests.swift in Sources */ = {isa = PBXBuildFile; fileRef = 1C3E1B07240A170400E7862E /* SwiftUIListDemoUITests.swift */; };
		1C3E1B16240A174800E7862E /* Helper.swift in Sources */ = {isa = PBXBuildFile; fileRef = 1C3E1B15240A174800E7862E /* Helper.swift */; };
		1C3E1B19240A18B600E7862E /* menu.json in Resources */ = {isa = PBXBuildFile; fileRef = 1C3E1B18240A18B600E7862E /* menu.json */; };
		1C3E1B1E240A197600E7862E /* Menu.swift in Sources */ = {isa = PBXBuildFile; fileRef = 1C3E1B1D240A197600E7862E /* Menu.swift */; };
		1C3E1B20240A1A3900E7862E /* Order.swift in Sources */ = {isa = PBXBuildFile; fileRef = 1C3E1B1F240A1A3900E7862E /* Order.swift */; };
		1CF07ED5240A2239003D8FA4 /* ItemRow.swift in Sources */ = {isa = PBXBuildFile; fileRef = 1CF07ED4240A2239003D8FA4 /* ItemRow.swift */; };
		1CF07ED7240A275E003D8FA4 /* ItemDetailView.swift in Sources */ = {isa = PBXBuildFile; fileRef = 1CF07ED6240A275E003D8FA4 /* ItemDetailView.swift */; };
		1CF07ED9240A2DF1003D8FA4 /* OrderView.swift in Sources */ = {isa = PBXBuildFile; fileRef = 1CF07ED8240A2DF1003D8FA4 /* OrderView.swift */; };
		1CF07EDB240A328D003D8FA4 /* AppView.swift in Sources */ = {isa = PBXBuildFile; fileRef = 1CF07EDA240A328D003D8FA4 /* AppView.swift */; };
		1CF07EDD240A33F2003D8FA4 /* CheckoutView.swift in Sources */ = {isa = PBXBuildFile; fileRef = 1CF07EDC240A33F2003D8FA4 /* CheckoutView.swift */; };
/* End PBXBuildFile section */

/* Begin PBXContainerItemProxy section */
		1C3E1AF9240A170400E7862E /* PBXContainerItemProxy */ = {
			isa = PBXContainerItemProxy;
			containerPortal = 1C3E1ADA240A170300E7862E /* Project object */;
			proxyType = 1;
			remoteGlobalIDString = 1C3E1AE1240A170300E7862E;
			remoteInfo = SwiftUIListDemo;
		};
		1C3E1B04240A170400E7862E /* PBXContainerItemProxy */ = {
			isa = PBXContainerItemProxy;
			containerPortal = 1C3E1ADA240A170300E7862E /* Project object */;
			proxyType = 1;
			remoteGlobalIDString = 1C3E1AE1240A170300E7862E;
			remoteInfo = SwiftUIListDemo;
		};
/* End PBXContainerItemProxy section */

/* Begin PBXFileReference section */
		1C3E1AE2240A170300E7862E /* SwiftUIListDemo.app */ = {isa = PBXFileReference; explicitFileType = wrapper.application; includeInIndex = 0; path = SwiftUIListDemo.app; sourceTree = BUILT_PRODUCTS_DIR; };
		1C3E1AE5240A170300E7862E /* AppDelegate.swift */ = {isa = PBXFileReference; lastKnownFileType = sourcecode.swift; path = AppDelegate.swift; sourceTree = "<group>"; };
		1C3E1AE7240A170300E7862E /* SceneDelegate.swift */ = {isa = PBXFileReference; lastKnownFileType = sourcecode.swift; path = SceneDelegate.swift; sourceTree = "<group>"; };
		1C3E1AE9240A170300E7862E /* ContentView.swift */ = {isa = PBXFileReference; lastKnownFileType = sourcecode.swift; path = ContentView.swift; sourceTree = "<group>"; };
		1C3E1AEB240A170400E7862E /* Assets.xcassets */ = {isa = PBXFileReference; lastKnownFileType = folder.assetcatalog; path = Assets.xcassets; sourceTree = "<group>"; };
		1C3E1AEE240A170400E7862E /* Preview Assets.xcassets */ = {isa = PBXFileReference; lastKnownFileType = folder.assetcatalog; path = "Preview Assets.xcassets"; sourceTree = "<group>"; };
		1C3E1AF1240A170400E7862E /* Base */ = {isa = PBXFileReference; lastKnownFileType = file.storyboard; name = Base; path = Base.lproj/LaunchScreen.storyboard; sourceTree = "<group>"; };
		1C3E1AF3240A170400E7862E /* Info.plist */ = {isa = PBXFileReference; lastKnownFileType = text.plist.xml; path = Info.plist; sourceTree = "<group>"; };
		1C3E1AF8240A170400E7862E /* SwiftUIListDemoTests.xctest */ = {isa = PBXFileReference; explicitFileType = wrapper.cfbundle; includeInIndex = 0; path = SwiftUIListDemoTests.xctest; sourceTree = BUILT_PRODUCTS_DIR; };
		1C3E1AFC240A170400E7862E /* SwiftUIListDemoTests.swift */ = {isa = PBXFileReference; lastKnownFileType = sourcecode.swift; path = SwiftUIListDemoTests.swift; sourceTree = "<group>"; };
		1C3E1AFE240A170400E7862E /* Info.plist */ = {isa = PBXFileReference; lastKnownFileType = text.plist.xml; path = Info.plist; sourceTree = "<group>"; };
		1C3E1B03240A170400E7862E /* SwiftUIListDemoUITests.xctest */ = {isa = PBXFileReference; explicitFileType = wrapper.cfbundle; includeInIndex = 0; path = SwiftUIListDemoUITests.xctest; sourceTree = BUILT_PRODUCTS_DIR; };
		1C3E1B07240A170400E7862E /* SwiftUIListDemoUITests.swift */ = {isa = PBXFileReference; lastKnownFileType = sourcecode.swift; path = SwiftUIListDemoUITests.swift; sourceTree = "<group>"; };
		1C3E1B09240A170400E7862E /* Info.plist */ = {isa = PBXFileReference; lastKnownFileType = text.plist.xml; path = Info.plist; sourceTree = "<group>"; };
		1C3E1B15240A174800E7862E /* Helper.swift */ = {isa = PBXFileReference; lastKnownFileType = sourcecode.swift; path = Helper.swift; sourceTree = "<group>"; };
		1C3E1B18240A18B600E7862E /* menu.json */ = {isa = PBXFileReference; fileEncoding = 4; lastKnownFileType = text.json; path = menu.json; sourceTree = "<group>"; };
		1C3E1B1D240A197600E7862E /* Menu.swift */ = {isa = PBXFileReference; lastKnownFileType = sourcecode.swift; path = Menu.swift; sourceTree = "<group>"; };
		1C3E1B1F240A1A3900E7862E /* Order.swift */ = {isa = PBXFileReference; lastKnownFileType = sourcecode.swift; path = Order.swift; sourceTree = "<group>"; };
		1CF07ED4240A2239003D8FA4 /* ItemRow.swift */ = {isa = PBXFileReference; lastKnownFileType = sourcecode.swift; path = ItemRow.swift; sourceTree = "<group>"; };
		1CF07ED6240A275E003D8FA4 /* ItemDetailView.swift */ = {isa = PBXFileReference; lastKnownFileType = sourcecode.swift; path = ItemDetailView.swift; sourceTree = "<group>"; };
		1CF07ED8240A2DF1003D8FA4 /* OrderView.swift */ = {isa = PBXFileReference; lastKnownFileType = sourcecode.swift; path = OrderView.swift; sourceTree = "<group>"; };
		1CF07EDA240A328D003D8FA4 /* AppView.swift */ = {isa = PBXFileReference; lastKnownFileType = sourcecode.swift; path = AppView.swift; sourceTree = "<group>"; };
		1CF07EDC240A33F2003D8FA4 /* CheckoutView.swift */ = {isa = PBXFileReference; lastKnownFileType = sourcecode.swift; path = CheckoutView.swift; sourceTree = "<group>"; };
/* End PBXFileReference section */

/* Begin PBXFrameworksBuildPhase section */
		1C3E1ADF240A170300E7862E /* Frameworks */ = {
			isa = PBXFrameworksBuildPhase;
			buildActionMask = 2147483647;
			files = (
			);
			runOnlyForDeploymentPostprocessing = 0;
		};
		1C3E1AF5240A170400E7862E /* Frameworks */ = {
			isa = PBXFrameworksBuildPhase;
			buildActionMask = 2147483647;
			files = (
			);
			runOnlyForDeploymentPostprocessing = 0;
		};
		1C3E1B00240A170400E7862E /* Frameworks */ = {
			isa = PBXFrameworksBuildPhase;
			buildActionMask = 2147483647;
			files = (
			);
			runOnlyForDeploymentPostprocessing = 0;
		};
/* End PBXFrameworksBuildPhase section */

/* Begin PBXGroup section */
		1C3E1AD9240A170300E7862E = {
			isa = PBXGroup;
			children = (
				1C3E1AE4240A170300E7862E /* SwiftUIListDemo */,
				1C3E1AFB240A170400E7862E /* SwiftUIListDemoTests */,
				1C3E1B06240A170400E7862E /* SwiftUIListDemoUITests */,
				1C3E1AE3240A170300E7862E /* Products */,
			);
			sourceTree = "<group>";
		};
		1C3E1AE3240A170300E7862E /* Products */ = {
			isa = PBXGroup;
			children = (
				1C3E1AE2240A170300E7862E /* SwiftUIListDemo.app */,
				1C3E1AF8240A170400E7862E /* SwiftUIListDemoTests.xctest */,
				1C3E1B03240A170400E7862E /* SwiftUIListDemoUITests.xctest */,
			);
			name = Products;
			sourceTree = "<group>";
		};
		1C3E1AE4240A170300E7862E /* SwiftUIListDemo */ = {
			isa = PBXGroup;
			children = (
				1C3E1AF3240A170400E7862E /* Info.plist */,
				1C3E1AE5240A170300E7862E /* AppDelegate.swift */,
				1C3E1AE7240A170300E7862E /* SceneDelegate.swift */,
				1C3E1B22240A1E0600E7862E /* Resources */,
				1C3E1B1C240A195E00E7862E /* Models */,
				1C3E1B17240A18A300E7862E /* LocalFiles */,
				1C3E1B21240A1DED00E7862E /* Views */,
				1C3E1AED240A170400E7862E /* Preview Content */,
			);
			path = SwiftUIListDemo;
			sourceTree = "<group>";
		};
		1C3E1AED240A170400E7862E /* Preview Content */ = {
			isa = PBXGroup;
			children = (
				1C3E1AEE240A170400E7862E /* Preview Assets.xcassets */,
			);
			path = "Preview Content";
			sourceTree = "<group>";
		};
		1C3E1AFB240A170400E7862E /* SwiftUIListDemoTests */ = {
			isa = PBXGroup;
			children = (
				1C3E1AFC240A170400E7862E /* SwiftUIListDemoTests.swift */,
				1C3E1AFE240A170400E7862E /* Info.plist */,
			);
			path = SwiftUIListDemoTests;
			sourceTree = "<group>";
		};
		1C3E1B06240A170400E7862E /* SwiftUIListDemoUITests */ = {
			isa = PBXGroup;
			children = (
				1C3E1B07240A170400E7862E /* SwiftUIListDemoUITests.swift */,
				1C3E1B09240A170400E7862E /* Info.plist */,
			);
			path = SwiftUIListDemoUITests;
			sourceTree = "<group>";
		};
		1C3E1B17240A18A300E7862E /* LocalFiles */ = {
			isa = PBXGroup;
			children = (
				1C3E1B18240A18B600E7862E /* menu.json */,
			);
			name = LocalFiles;
			sourceTree = "<group>";
		};
		1C3E1B1C240A195E00E7862E /* Models */ = {
			isa = PBXGroup;
			children = (
				1C3E1B15240A174800E7862E /* Helper.swift */,
				1C3E1B1D240A197600E7862E /* Menu.swift */,
				1C3E1B1F240A1A3900E7862E /* Order.swift */,
			);
			path = Models;
			sourceTree = "<group>";
		};
		1C3E1B21240A1DED00E7862E /* Views */ = {
			isa = PBXGroup;
			children = (
				1C3E1AE9240A170300E7862E /* ContentView.swift */,
				1CF07ED4240A2239003D8FA4 /* ItemRow.swift */,
				1CF07ED6240A275E003D8FA4 /* ItemDetailView.swift */,
				1CF07ED8240A2DF1003D8FA4 /* OrderView.swift */,
				1CF07EDC240A33F2003D8FA4 /* CheckoutView.swift */,
				1CF07EDA240A328D003D8FA4 /* AppView.swift */,
			);
			path = Views;
			sourceTree = "<group>";
		};
		1C3E1B22240A1E0600E7862E /* Resources */ = {
			isa = PBXGroup;
			children = (
				1C3E1AEB240A170400E7862E /* Assets.xcassets */,
				1C3E1AF0240A170400E7862E /* LaunchScreen.storyboard */,
			);
			path = Resources;
			sourceTree = "<group>";
		};
/* End PBXGroup section */

/* Begin PBXNativeTarget section */
		1C3E1AE1240A170300E7862E /* SwiftUIListDemo */ = {
			isa = PBXNativeTarget;
			buildConfigurationList = 1C3E1B0C240A170400E7862E /* Build configuration list for PBXNativeTarget "SwiftUIListDemo" */;
			buildPhases = (
				1C3E1ADE240A170300E7862E /* Sources */,
				1C3E1ADF240A170300E7862E /* Frameworks */,
				1C3E1AE0240A170300E7862E /* Resources */,
			);
			buildRules = (
			);
			dependencies = (
			);
			name = SwiftUIListDemo;
			productName = SwiftUIListDemo;
			productReference = 1C3E1AE2240A170300E7862E /* SwiftUIListDemo.app */;
			productType = "com.apple.product-type.application";
		};
		1C3E1AF7240A170400E7862E /* SwiftUIListDemoTests */ = {
			isa = PBXNativeTarget;
			buildConfigurationList = 1C3E1B0F240A170400E7862E /* Build configuration list for PBXNativeTarget "SwiftUIListDemoTests" */;
			buildPhases = (
				1C3E1AF4240A170400E7862E /* Sources */,
				1C3E1AF5240A170400E7862E /* Frameworks */,
				1C3E1AF6240A170400E7862E /* Resources */,
			);
			buildRules = (
			);
			dependencies = (
				1C3E1AFA240A170400E7862E /* PBXTargetDependency */,
			);
			name = SwiftUIListDemoTests;
			productName = SwiftUIListDemoTests;
			productReference = 1C3E1AF8240A170400E7862E /* SwiftUIListDemoTests.xctest */;
			productType = "com.apple.product-type.bundle.unit-test";
		};
		1C3E1B02240A170400E7862E /* SwiftUIListDemoUITests */ = {
			isa = PBXNativeTarget;
			buildConfigurationList = 1C3E1B12240A170400E7862E /* Build configuration list for PBXNativeTarget "SwiftUIListDemoUITests" */;
			buildPhases = (
				1C3E1AFF240A170400E7862E /* Sources */,
				1C3E1B00240A170400E7862E /* Frameworks */,
				1C3E1B01240A170400E7862E /* Resources */,
			);
			buildRules = (
			);
			dependencies = (
				1C3E1B05240A170400E7862E /* PBXTargetDependency */,
			);
			name = SwiftUIListDemoUITests;
			productName = SwiftUIListDemoUITests;
			productReference = 1C3E1B03240A170400E7862E /* SwiftUIListDemoUITests.xctest */;
			productType = "com.apple.product-type.bundle.ui-testing";
		};
/* End PBXNativeTarget section */

/* Begin PBXProject section */
		1C3E1ADA240A170300E7862E /* Project object */ = {
			isa = PBXProject;
			attributes = {
				LastSwiftUpdateCheck = 1130;
				LastUpgradeCheck = 1130;
				ORGANIZATIONNAME = "Hanul Yun";
				TargetAttributes = {
					1C3E1AE1240A170300E7862E = {
						CreatedOnToolsVersion = 11.3.1;
					};
					1C3E1AF7240A170400E7862E = {
						CreatedOnToolsVersion = 11.3.1;
						TestTargetID = 1C3E1AE1240A170300E7862E;
					};
					1C3E1B02240A170400E7862E = {
						CreatedOnToolsVersion = 11.3.1;
						TestTargetID = 1C3E1AE1240A170300E7862E;
					};
				};
			};
			buildConfigurationList = 1C3E1ADD240A170300E7862E /* Build configuration list for PBXProject "SwiftUIListDemo" */;
			compatibilityVersion = "Xcode 9.3";
			developmentRegion = en;
			hasScannedForEncodings = 0;
			knownRegions = (
				en,
				Base,
			);
			mainGroup = 1C3E1AD9240A170300E7862E;
			productRefGroup = 1C3E1AE3240A170300E7862E /* Products */;
			projectDirPath = "";
			projectRoot = "";
			targets = (
				1C3E1AE1240A170300E7862E /* SwiftUIListDemo */,
				1C3E1AF7240A170400E7862E /* SwiftUIListDemoTests */,
				1C3E1B02240A170400E7862E /* SwiftUIListDemoUITests */,
			);
		};
/* End PBXProject section */

/* Begin PBXResourcesBuildPhase section */
		1C3E1AE0240A170300E7862E /* Resources */ = {
			isa = PBXResourcesBuildPhase;
			buildActionMask = 2147483647;
			files = (
				1C3E1AF2240A170400E7862E /* LaunchScreen.storyboard in Resources */,
				1C3E1AEF240A170400E7862E /* Preview Assets.xcassets in Resources */,
				1C3E1B19240A18B600E7862E /* menu.json in Resources */,
				1C3E1AEC240A170400E7862E /* Assets.xcassets in Resources */,
			);
			runOnlyForDeploymentPostprocessing = 0;
		};
		1C3E1AF6240A170400E7862E /* Resources */ = {
			isa = PBXResourcesBuildPhase;
			buildActionMask = 2147483647;
			files = (
			);
			runOnlyForDeploymentPostprocessing = 0;
		};
		1C3E1B01240A170400E7862E /* Resources */ = {
			isa = PBXResourcesBuildPhase;
			buildActionMask = 2147483647;
			files = (
			);
			runOnlyForDeploymentPostprocessing = 0;
		};
/* End PBXResourcesBuildPhase section */

/* Begin PBXSourcesBuildPhase section */
		1C3E1ADE240A170300E7862E /* Sources */ = {
			isa = PBXSourcesBuildPhase;
			buildActionMask = 2147483647;
			files = (
				1C3E1B20240A1A3900E7862E /* Order.swift in Sources */,
				1CF07EDD240A33F2003D8FA4 /* CheckoutView.swift in Sources */,
				1C3E1AE6240A170300E7862E /* AppDelegate.swift in Sources */,
				1C3E1AE8240A170300E7862E /* SceneDelegate.swift in Sources */,
				1CF07ED5240A2239003D8FA4 /* ItemRow.swift in Sources */,
				1CF07ED7240A275E003D8FA4 /* ItemDetailView.swift in Sources */,
				1C3E1AEA240A170300E7862E /* ContentView.swift in Sources */,
				1CF07ED9240A2DF1003D8FA4 /* OrderView.swift in Sources */,
				1C3E1B16240A174800E7862E /* Helper.swift in Sources */,
				1CF07EDB240A328D003D8FA4 /* AppView.swift in Sources */,
				1C3E1B1E240A197600E7862E /* Menu.swift in Sources */,
			);
			runOnlyForDeploymentPostprocessing = 0;
		};
		1C3E1AF4240A170400E7862E /* Sources */ = {
			isa = PBXSourcesBuildPhase;
			buildActionMask = 2147483647;
			files = (
				1C3E1AFD240A170400E7862E /* SwiftUIListDemoTests.swift in Sources */,
			);
			runOnlyForDeploymentPostprocessing = 0;
		};
		1C3E1AFF240A170400E7862E /* Sources */ = {
			isa = PBXSourcesBuildPhase;
			buildActionMask = 2147483647;
			files = (
				1C3E1B08240A170400E7862E /* SwiftUIListDemoUITests.swift in Sources */,
			);
			runOnlyForDeploymentPostprocessing = 0;
		};
/* End PBXSourcesBuildPhase section */

/* Begin PBXTargetDependency section */
		1C3E1AFA240A170400E7862E /* PBXTargetDependency */ = {
			isa = PBXTargetDependency;
			target = 1C3E1AE1240A170300E7862E /* SwiftUIListDemo */;
			targetProxy = 1C3E1AF9240A170400E7862E /* PBXContainerItemProxy */;
		};
		1C3E1B05240A170400E7862E /* PBXTargetDependency */ = {
			isa = PBXTargetDependency;
			target = 1C3E1AE1240A170300E7862E /* SwiftUIListDemo */;
			targetProxy = 1C3E1B04240A170400E7862E /* PBXContainerItemProxy */;
		};
/* End PBXTargetDependency section */

/* Begin PBXVariantGroup section */
		1C3E1AF0240A170400E7862E /* LaunchScreen.storyboard */ = {
			isa = PBXVariantGroup;
			children = (
				1C3E1AF1240A170400E7862E /* Base */,
			);
			name = LaunchScreen.storyboard;
			sourceTree = "<group>";
		};
/* End PBXVariantGroup section */

/* Begin XCBuildConfiguration section */
		1C3E1B0A240A170400E7862E /* Debug */ = {
			isa = XCBuildConfiguration;
			buildSettings = {
				ALWAYS_SEARCH_USER_PATHS = NO;
				CLANG_ANALYZER_NONNULL = YES;
				CLANG_ANALYZER_NUMBER_OBJECT_CONVERSION = YES_AGGRESSIVE;
				CLANG_CXX_LANGUAGE_STANDARD = "gnu++14";
				CLANG_CXX_LIBRARY = "libc++";
				CLANG_ENABLE_MODULES = YES;
				CLANG_ENABLE_OBJC_ARC = YES;
				CLANG_ENABLE_OBJC_WEAK = YES;
				CLANG_WARN_BLOCK_CAPTURE_AUTORELEASING = YES;
				CLANG_WARN_BOOL_CONVERSION = YES;
				CLANG_WARN_COMMA = YES;
				CLANG_WARN_CONSTANT_CONVERSION = YES;
				CLANG_WARN_DEPRECATED_OBJC_IMPLEMENTATIONS = YES;
				CLANG_WARN_DIRECT_OBJC_ISA_USAGE = YES_ERROR;
				CLANG_WARN_DOCUMENTATION_COMMENTS = YES;
				CLANG_WARN_EMPTY_BODY = YES;
				CLANG_WARN_ENUM_CONVERSION = YES;
				CLANG_WARN_INFINITE_RECURSION = YES;
				CLANG_WARN_INT_CONVERSION = YES;
				CLANG_WARN_NON_LITERAL_NULL_CONVERSION = YES;
				CLANG_WARN_OBJC_IMPLICIT_RETAIN_SELF = YES;
				CLANG_WARN_OBJC_LITERAL_CONVERSION = YES;
				CLANG_WARN_OBJC_ROOT_CLASS = YES_ERROR;
				CLANG_WARN_RANGE_LOOP_ANALYSIS = YES;
				CLANG_WARN_STRICT_PROTOTYPES = YES;
				CLANG_WARN_SUSPICIOUS_MOVE = YES;
				CLANG_WARN_UNGUARDED_AVAILABILITY = YES_AGGRESSIVE;
				CLANG_WARN_UNREACHABLE_CODE = YES;
				CLANG_WARN__DUPLICATE_METHOD_MATCH = YES;
				COPY_PHASE_STRIP = NO;
				DEBUG_INFORMATION_FORMAT = dwarf;
				ENABLE_STRICT_OBJC_MSGSEND = YES;
				ENABLE_TESTABILITY = YES;
				GCC_C_LANGUAGE_STANDARD = gnu11;
				GCC_DYNAMIC_NO_PIC = NO;
				GCC_NO_COMMON_BLOCKS = YES;
				GCC_OPTIMIZATION_LEVEL = 0;
				GCC_PREPROCESSOR_DEFINITIONS = (
					"DEBUG=1",
					"$(inherited)",
				);
				GCC_WARN_64_TO_32_BIT_CONVERSION = YES;
				GCC_WARN_ABOUT_RETURN_TYPE = YES_ERROR;
				GCC_WARN_UNDECLARED_SELECTOR = YES;
				GCC_WARN_UNINITIALIZED_AUTOS = YES_AGGRESSIVE;
				GCC_WARN_UNUSED_FUNCTION = YES;
				GCC_WARN_UNUSED_VARIABLE = YES;
				IPHONEOS_DEPLOYMENT_TARGET = 13.2;
				MTL_ENABLE_DEBUG_INFO = INCLUDE_SOURCE;
				MTL_FAST_MATH = YES;
				ONLY_ACTIVE_ARCH = YES;
				SDKROOT = iphoneos;
				SWIFT_ACTIVE_COMPILATION_CONDITIONS = DEBUG;
				SWIFT_OPTIMIZATION_LEVEL = "-Onone";
			};
			name = Debug;
		};
		1C3E1B0B240A170400E7862E /* Release */ = {
			isa = XCBuildConfiguration;
			buildSettings = {
				ALWAYS_SEARCH_USER_PATHS = NO;
				CLANG_ANALYZER_NONNULL = YES;
				CLANG_ANALYZER_NUMBER_OBJECT_CONVERSION = YES_AGGRESSIVE;
				CLANG_CXX_LANGUAGE_STANDARD = "gnu++14";
				CLANG_CXX_LIBRARY = "libc++";
				CLANG_ENABLE_MODULES = YES;
				CLANG_ENABLE_OBJC_ARC = YES;
				CLANG_ENABLE_OBJC_WEAK = YES;
				CLANG_WARN_BLOCK_CAPTURE_AUTORELEASING = YES;
				CLANG_WARN_BOOL_CONVERSION = YES;
				CLANG_WARN_COMMA = YES;
				CLANG_WARN_CONSTANT_CONVERSION = YES;
				CLANG_WARN_DEPRECATED_OBJC_IMPLEMENTATIONS = YES;
				CLANG_WARN_DIRECT_OBJC_ISA_USAGE = YES_ERROR;
				CLANG_WARN_DOCUMENTATION_COMMENTS = YES;
				CLANG_WARN_EMPTY_BODY = YES;
				CLANG_WARN_ENUM_CONVERSION = YES;
				CLANG_WARN_INFINITE_RECURSION = YES;
				CLANG_WARN_INT_CONVERSION = YES;
				CLANG_WARN_NON_LITERAL_NULL_CONVERSION = YES;
				CLANG_WARN_OBJC_IMPLICIT_RETAIN_SELF = YES;
				CLANG_WARN_OBJC_LITERAL_CONVERSION = YES;
				CLANG_WARN_OBJC_ROOT_CLASS = YES_ERROR;
				CLANG_WARN_RANGE_LOOP_ANALYSIS = YES;
				CLANG_WARN_STRICT_PROTOTYPES = YES;
				CLANG_WARN_SUSPICIOUS_MOVE = YES;
				CLANG_WARN_UNGUARDED_AVAILABILITY = YES_AGGRESSIVE;
				CLANG_WARN_UNREACHABLE_CODE = YES;
				CLANG_WARN__DUPLICATE_METHOD_MATCH = YES;
				COPY_PHASE_STRIP = NO;
				DEBUG_INFORMATION_FORMAT = "dwarf-with-dsym";
				ENABLE_NS_ASSERTIONS = NO;
				ENABLE_STRICT_OBJC_MSGSEND = YES;
				GCC_C_LANGUAGE_STANDARD = gnu11;
				GCC_NO_COMMON_BLOCKS = YES;
				GCC_WARN_64_TO_32_BIT_CONVERSION = YES;
				GCC_WARN_ABOUT_RETURN_TYPE = YES_ERROR;
				GCC_WARN_UNDECLARED_SELECTOR = YES;
				GCC_WARN_UNINITIALIZED_AUTOS = YES_AGGRESSIVE;
				GCC_WARN_UNUSED_FUNCTION = YES;
				GCC_WARN_UNUSED_VARIABLE = YES;
				IPHONEOS_DEPLOYMENT_TARGET = 13.2;
				MTL_ENABLE_DEBUG_INFO = NO;
				MTL_FAST_MATH = YES;
				SDKROOT = iphoneos;
				SWIFT_COMPILATION_MODE = wholemodule;
				SWIFT_OPTIMIZATION_LEVEL = "-O";
				VALIDATE_PRODUCT = YES;
			};
			name = Release;
		};
		1C3E1B0D240A170400E7862E /* Debug */ = {
			isa = XCBuildConfiguration;
			buildSettings = {
				ASSETCATALOG_COMPILER_APPICON_NAME = AppIcon;
				CODE_SIGN_STYLE = Automatic;
				DEVELOPMENT_ASSET_PATHS = "\"SwiftUIListDemo/Preview Content\"";
				DEVELOPMENT_TEAM = P5P5399747;
				ENABLE_PREVIEWS = YES;
				INFOPLIST_FILE = SwiftUIListDemo/Info.plist;
				LD_RUNPATH_SEARCH_PATHS = (
					"$(inherited)",
					"@executable_path/Frameworks",
				);
				PRODUCT_BUNDLE_IDENTIFIER = demo.hanulyun.SwiftUIListDemo;
				PRODUCT_NAME = "$(TARGET_NAME)";
				SWIFT_VERSION = 5.0;
				TARGETED_DEVICE_FAMILY = "1,2";
			};
			name = Debug;
		};
		1C3E1B0E240A170400E7862E /* Release */ = {
			isa = XCBuildConfiguration;
			buildSettings = {
				ASSETCATALOG_COMPILER_APPICON_NAME = AppIcon;
				CODE_SIGN_STYLE = Automatic;
				DEVELOPMENT_ASSET_PATHS = "\"SwiftUIListDemo/Preview Content\"";
				DEVELOPMENT_TEAM = P5P5399747;
				ENABLE_PREVIEWS = YES;
				INFOPLIST_FILE = SwiftUIListDemo/Info.plist;
				LD_RUNPATH_SEARCH_PATHS = (
					"$(inherited)",
					"@executable_path/Frameworks",
				);
				PRODUCT_BUNDLE_IDENTIFIER = demo.hanulyun.SwiftUIListDemo;
				PRODUCT_NAME = "$(TARGET_NAME)";
				SWIFT_VERSION = 5.0;
				TARGETED_DEVICE_FAMILY = "1,2";
			};
			name = Release;
		};
		1C3E1B10240A170400E7862E /* Debug */ = {
			isa = XCBuildConfiguration;
			buildSettings = {
				ALWAYS_EMBED_SWIFT_STANDARD_LIBRARIES = YES;
				BUNDLE_LOADER = "$(TEST_HOST)";
				CODE_SIGN_STYLE = Automatic;
				DEVELOPMENT_TEAM = P5P5399747;
				INFOPLIST_FILE = SwiftUIListDemoTests/Info.plist;
				IPHONEOS_DEPLOYMENT_TARGET = 13.2;
				LD_RUNPATH_SEARCH_PATHS = (
					"$(inherited)",
					"@executable_path/Frameworks",
					"@loader_path/Frameworks",
				);
				PRODUCT_BUNDLE_IDENTIFIER = demo.hanulyun.SwiftUIListDemoTests;
				PRODUCT_NAME = "$(TARGET_NAME)";
				SWIFT_VERSION = 5.0;
				TARGETED_DEVICE_FAMILY = "1,2";
				TEST_HOST = "$(BUILT_PRODUCTS_DIR)/SwiftUIListDemo.app/SwiftUIListDemo";
			};
			name = Debug;
		};
		1C3E1B11240A170400E7862E /* Release */ = {
			isa = XCBuildConfiguration;
			buildSettings = {
				ALWAYS_EMBED_SWIFT_STANDARD_LIBRARIES = YES;
				BUNDLE_LOADER = "$(TEST_HOST)";
				CODE_SIGN_STYLE = Automatic;
				DEVELOPMENT_TEAM = P5P5399747;
				INFOPLIST_FILE = SwiftUIListDemoTests/Info.plist;
				IPHONEOS_DEPLOYMENT_TARGET = 13.2;
				LD_RUNPATH_SEARCH_PATHS = (
					"$(inherited)",
					"@executable_path/Frameworks",
					"@loader_path/Frameworks",
				);
				PRODUCT_BUNDLE_IDENTIFIER = demo.hanulyun.SwiftUIListDemoTests;
				PRODUCT_NAME = "$(TARGET_NAME)";
				SWIFT_VERSION = 5.0;
				TARGETED_DEVICE_FAMILY = "1,2";
				TEST_HOST = "$(BUILT_PRODUCTS_DIR)/SwiftUIListDemo.app/SwiftUIListDemo";
			};
			name = Release;
		};
		1C3E1B13240A170400E7862E /* Debug */ = {
			isa = XCBuildConfiguration;
			buildSettings = {
				ALWAYS_EMBED_SWIFT_STANDARD_LIBRARIES = YES;
				CODE_SIGN_STYLE = Automatic;
				DEVELOPMENT_TEAM = P5P5399747;
				INFOPLIST_FILE = SwiftUIListDemoUITests/Info.plist;
				LD_RUNPATH_SEARCH_PATHS = (
					"$(inherited)",
					"@executable_path/Frameworks",
					"@loader_path/Frameworks",
				);
				PRODUCT_BUNDLE_IDENTIFIER = demo.hanulyun.SwiftUIListDemoUITests;
				PRODUCT_NAME = "$(TARGET_NAME)";
				SWIFT_VERSION = 5.0;
				TARGETED_DEVICE_FAMILY = "1,2";
				TEST_TARGET_NAME = SwiftUIListDemo;
			};
			name = Debug;
		};
		1C3E1B14240A170400E7862E /* Release */ = {
			isa = XCBuildConfiguration;
			buildSettings = {
				ALWAYS_EMBED_SWIFT_STANDARD_LIBRARIES = YES;
				CODE_SIGN_STYLE = Automatic;
				DEVELOPMENT_TEAM = P5P5399747;
				INFOPLIST_FILE = SwiftUIListDemoUITests/Info.plist;
				LD_RUNPATH_SEARCH_PATHS = (
					"$(inherited)",
					"@executable_path/Frameworks",
					"@loader_path/Frameworks",
				);
				PRODUCT_BUNDLE_IDENTIFIER = demo.hanulyun.SwiftUIListDemoUITests;
				PRODUCT_NAME = "$(TARGET_NAME)";
				SWIFT_VERSION = 5.0;
				TARGETED_DEVICE_FAMILY = "1,2";
				TEST_TARGET_NAME = SwiftUIListDemo;
			};
			name = Release;
		};
/* End XCBuildConfiguration section */

/* Begin XCConfigurationList section */
		1C3E1ADD240A170300E7862E /* Build configuration list for PBXProject "SwiftUIListDemo" */ = {
			isa = XCConfigurationList;
			buildConfigurations = (
				1C3E1B0A240A170400E7862E /* Debug */,
				1C3E1B0B240A170400E7862E /* Release */,
			);
			defaultConfigurationIsVisible = 0;
			defaultConfigurationName = Release;
		};
		1C3E1B0C240A170400E7862E /* Build configuration list for PBXNativeTarget "SwiftUIListDemo" */ = {
			isa = XCConfigurationList;
			buildConfigurations = (
				1C3E1B0D240A170400E7862E /* Debug */,
				1C3E1B0E240A170400E7862E /* Release */,
			);
			defaultConfigurationIsVisible = 0;
			defaultConfigurationName = Release;
		};
		1C3E1B0F240A170400E7862E /* Build configuration list for PBXNativeTarget "SwiftUIListDemoTests" */ = {
			isa = XCConfigurationList;
			buildConfigurations = (
				1C3E1B10240A170400E7862E /* Debug */,
				1C3E1B11240A170400E7862E /* Release */,
			);
			defaultConfigurationIsVisible = 0;
			defaultConfigurationName = Release;
		};
		1C3E1B12240A170400E7862E /* Build configuration list for PBXNativeTarget "SwiftUIListDemoUITests" */ = {
			isa = XCConfigurationList;
			buildConfigurations = (
				1C3E1B13240A170400E7862E /* Debug */,
				1C3E1B14240A170400E7862E /* Release */,
			);
			defaultConfigurationIsVisible = 0;
			defaultConfigurationName = Release;
		};
/* End XCConfigurationList section */
	};
	rootObject = 1C3E1ADA240A170300E7862E /* Project object */;
}
